
Microsoft Visual Studio Solution File, Format Version 12.00
# Visual Studio Version 16
VisualStudioVersion = 16.0.30309.148
MinimumVisualStudioVersion = 10.0.40219.1
Project("{8BC9CEB8-8B4A-11D0-8D11-00A0C91BC942}") = "list1401", "list1401\list1401.vcxproj", "{E7D10FD0-E89F-41FB-8064-E6D1F05CEC0F}"
EndProject
Project("{8BC9CEB8-8B4A-11D0-8D11-00A0C91BC942}") = "list1402", "list1402\list1402.vcxproj", "{A8B3504D-71AE-4C83-A3D9-0F92CE733C26}"
EndProject
Project("{8BC9CEB8-8B4A-11D0-8D11-00A0C91BC942}") = "list1403", "list1403\list1403.vcxproj", "{B2B97523-8F53-42E4-9403-08F14B146BFF}"
EndProject
Project("{8BC9CEB8-8B4A-11D0-8D11-00A0C91BC942}") = "list1404", "list1404\list1404.vcxproj", "{38F0F2C4-8E7B-4EEA-8603-C80BCFE06BDA}"
EndProject
Project("{8BC9CEB8-8B4A-11D0-8D11-00A0C91BC942}") = "list1405", "list1405\list1405.vcxproj", "{48D65481-A242-4C86-A830-2B157741616A}"
EndProject
Project("{8BC9CEB8-8B4A-11D0-8D11-00A0C91BC942}") = "list1406", "list1406\list1406.vcxproj", "{B18DAA31-8128-40D1-9405-A92D1DF7EC5D}"
EndProject
Project("{8BC9CEB8-8B4A-11D0-8D11-00A0C91BC942}") = "practice1406", "practice1406\practice1406.vcxproj", "{0F0A6528-37C1-4901-A82F-78E1F8D90621}"
EndProject
Project("{8BC9CEB8-8B4A-11D0-8D11-00A0C91BC942}") = "practice1407", "practice1407\practice1407.vcxproj", "{38CEF009-9F28-472E-B6CE-F5A0BBA86CF1}"
EndProject
Project("{8BC9CEB8-8B4A-11D0-8D11-00A0C91BC942}") = "list1407", "list1407\list1407.vcxproj", "{23CEA80C-D8C4-44ED-BBF1-C6C940A00EA7}"
EndProject
Project("{8BC9CEB8-8B4A-11D0-8D11-00A0C91BC942}") = "list1408", "list1408\list1408.vcxproj", "{FA5C5715-133D-485A-9A5E-9997AA367233}"
EndProject
Project("{8BC9CEB8-8B4A-11D0-8D11-00A0C91BC942}") = "practice1408", "practice1408\practice1408.vcxproj", "{BA42EA22-E0D5-4636-B686-D3B55964A56C}"
EndProject
Project("{8BC9CEB8-8B4A-11D0-8D11-00A0C91BC942}") = "list1409", "list1409\list1409.vcxproj", "{E0B09913-2E11-43EE-8D6D-A227FA60AA00}"
EndProject
Project("{8BC9CEB8-8B4A-11D0-8D11-00A0C91BC942}") = "practice1409", "practice1409\practice1409.vcxproj", "{34E0EF13-FEB0-44AA-814B-F0772FBBF01F}"
EndProject
Project("{8BC9CEB8-8B4A-11D0-8D11-00A0C91BC942}") = "list1410", "list1410\list1410.vcxproj", "{FC382BD9-6A89-48A7-A650-80073CF3D527}"
EndProject
Project("{8BC9CEB8-8B4A-11D0-8D11-00A0C91BC942}") = "practice1410", "practice1410\practice1410.vcxproj", "{9CECCC4D-B319-45DB-BB2A-1AFEFB1F4355}"
EndProject
Project("{8BC9CEB8-8B4A-11D0-8D11-00A0C91BC942}") = "list1411", "list1411\list1411.vcxproj", "{076647AF-3CED-4A33-AD0E-9F806FA17706}"
EndProject
Project("{8BC9CEB8-8B4A-11D0-8D11-00A0C91BC942}") = "practice1411", "practice1411\practice1411.vcxproj", "{95493F10-69F2-47F3-A6C7-CF9FA8E5A39E}"
EndProject
Project("{8BC9CEB8-8B4A-11D0-8D11-00A0C91BC942}") = "list1412", "list1412\list1412.vcxproj", "{E9743459-C3F8-4263-87E0-ED9E528BA40A}"
EndProject
Project("{8BC9CEB8-8B4A-11D0-8D11-00A0C91BC942}") = "practice1412", "practice1412\practice1412.vcxproj", "{7F07C52F-79AE-4498-9A02-C2CB63BA7525}"
EndProject
Project("{8BC9CEB8-8B4A-11D0-8D11-00A0C91BC942}") = "practice1413", "practice1413\practice1413.vcxproj", "{E0CAE34A-2ADB-4821-A7B9-5637639CD659}"
EndProject
Project("{8BC9CEB8-8B4A-11D0-8D11-00A0C91BC942}") = "list1414", "list1414\list1414.vcxproj", "{69071524-7F5B-4BE6-9654-A58C59DC3781}"
EndProject
Project("{8BC9CEB8-8B4A-11D0-8D11-00A0C91BC942}") = "list1413", "list1413\list1413.vcxproj", "{3A9D3ECD-907F-400D-B802-B8C63C8C27E1}"
EndProject
Global
	GlobalSection(SolutionConfigurationPlatforms) = preSolution
		Debug|x64 = Debug|x64
		Debug|x86 = Debug|x86
		Release|x64 = Release|x64
		Release|x86 = Release|x86
	EndGlobalSection
	GlobalSection(ProjectConfigurationPlatforms) = postSolution
		{E7D10FD0-E89F-41FB-8064-E6D1F05CEC0F}.Debug|x64.ActiveCfg = Debug|x64
		{E7D10FD0-E89F-41FB-8064-E6D1F05CEC0F}.Debug|x64.Build.0 = Debug|x64
		{E7D10FD0-E89F-41FB-8064-E6D1F05CEC0F}.Debug|x86.ActiveCfg = Debug|Win32
		{E7D10FD0-E89F-41FB-8064-E6D1F05CEC0F}.Debug|x86.Build.0 = Debug|Win32
		{E7D10FD0-E89F-41FB-8064-E6D1F05CEC0F}.Release|x64.ActiveCfg = Release|x64
		{E7D10FD0-E89F-41FB-8064-E6D1F05CEC0F}.Release|x64.Build.0 = Release|x64
		{E7D10FD0-E89F-41FB-8064-E6D1F05CEC0F}.Release|x86.ActiveCfg = Release|Win32
		{E7D10FD0-E89F-41FB-8064-E6D1F05CEC0F}.Release|x86.Build.0 = Release|Win32
		{A8B3504D-71AE-4C83-A3D9-0F92CE733C26}.Debug|x64.ActiveCfg = Debug|x64
		{A8B3504D-71AE-4C83-A3D9-0F92CE733C26}.Debug|x64.Build.0 = Debug|x64
		{A8B3504D-71AE-4C83-A3D9-0F92CE733C26}.Debug|x86.ActiveCfg = Debug|Win32
		{A8B3504D-71AE-4C83-A3D9-0F92CE733C26}.Debug|x86.Build.0 = Debug|Win32
		{A8B3504D-71AE-4C83-A3D9-0F92CE733C26}.Release|x64.ActiveCfg = Release|x64
		{A8B3504D-71AE-4C83-A3D9-0F92CE733C26}.Release|x64.Build.0 = Release|x64
		{A8B3504D-71AE-4C83-A3D9-0F92CE733C26}.Release|x86.ActiveCfg = Release|Win32
		{A8B3504D-71AE-4C83-A3D9-0F92CE733C26}.Release|x86.Build.0 = Release|Win32
		{B2B97523-8F53-42E4-9403-08F14B146BFF}.Debug|x64.ActiveCfg = Debug|x64
		{B2B97523-8F53-42E4-9403-08F14B146BFF}.Debug|x64.Build.0 = Debug|x64
		{B2B97523-8F53-42E4-9403-08F14B146BFF}.Debug|x86.ActiveCfg = Debug|Win32
		{B2B97523-8F53-42E4-9403-08F14B146BFF}.Debug|x86.Build.0 = Debug|Win32
		{B2B97523-8F53-42E4-9403-08F14B146BFF}.Release|x64.ActiveCfg = Release|x64
		{B2B97523-8F53-42E4-9403-08F14B146BFF}.Release|x64.Build.0 = Release|x64
		{B2B97523-8F53-42E4-9403-08F14B146BFF}.Release|x86.ActiveCfg = Release|Win32
		{B2B97523-8F53-42E4-9403-08F14B146BFF}.Release|x86.Build.0 = Release|Win32
		{38F0F2C4-8E7B-4EEA-8603-C80BCFE06BDA}.Debug|x64.ActiveCfg = Debug|x64
		{38F0F2C4-8E7B-4EEA-8603-C80BCFE06BDA}.Debug|x64.Build.0 = Debug|x64
		{38F0F2C4-8E7B-4EEA-8603-C80BCFE06BDA}.Debug|x86.ActiveCfg = Debug|Win32
		{38F0F2C4-8E7B-4EEA-8603-C80BCFE06BDA}.Debug|x86.Build.0 = Debug|Win32
		{38F0F2C4-8E7B-4EEA-8603-C80BCFE06BDA}.Release|x64.ActiveCfg = Release|x64
		{38F0F2C4-8E7B-4EEA-8603-C80BCFE06BDA}.Release|x64.Build.0 = Release|x64
		{38F0F2C4-8E7B-4EEA-8603-C80BCFE06BDA}.Release|x86.ActiveCfg = Release|Win32
		{38F0F2C4-8E7B-4EEA-8603-C80BCFE06BDA}.Release|x86.Build.0 = Release|Win32
		{48D65481-A242-4C86-A830-2B157741616A}.Debug|x64.ActiveCfg = Debug|x64
		{48D65481-A242-4C86-A830-2B157741616A}.Debug|x64.Build.0 = Debug|x64
		{48D65481-A242-4C86-A830-2B157741616A}.Debug|x86.ActiveCfg = Debug|Win32
		{48D65481-A242-4C86-A830-2B157741616A}.Debug|x86.Build.0 = Debug|Win32
		{48D65481-A242-4C86-A830-2B157741616A}.Release|x64.ActiveCfg = Release|x64
		{48D65481-A242-4C86-A830-2B157741616A}.Release|x64.Build.0 = Release|x64
		{48D65481-A242-4C86-A830-2B157741616A}.Release|x86.ActiveCfg = Release|Win32
		{48D65481-A242-4C86-A830-2B157741616A}.Release|x86.Build.0 = Release|Win32
		{B18DAA31-8128-40D1-9405-A92D1DF7EC5D}.Debug|x64.ActiveCfg = Debug|x64
		{B18DAA31-8128-40D1-9405-A92D1DF7EC5D}.Debug|x64.Build.0 = Debug|x64
		{B18DAA31-8128-40D1-9405-A92D1DF7EC5D}.Debug|x86.ActiveCfg = Debug|Win32
		{B18DAA31-8128-40D1-9405-A92D1DF7EC5D}.Debug|x86.Build.0 = Debug|Win32
		{B18DAA31-8128-40D1-9405-A92D1DF7EC5D}.Release|x64.ActiveCfg = Release|x64
		{B18DAA31-8128-40D1-9405-A92D1DF7EC5D}.Release|x64.Build.0 = Release|x64
		{B18DAA31-8128-40D1-9405-A92D1DF7EC5D}.Release|x86.ActiveCfg = Release|Win32
		{B18DAA31-8128-40D1-9405-A92D1DF7EC5D}.Release|x86.Build.0 = Release|Win32
		{0F0A6528-37C1-4901-A82F-78E1F8D90621}.Debug|x64.ActiveCfg = Debug|x64
		{0F0A6528-37C1-4901-A82F-78E1F8D90621}.Debug|x64.Build.0 = Debug|x64
		{0F0A6528-37C1-4901-A82F-78E1F8D90621}.Debug|x86.ActiveCfg = Debug|Win32
		{0F0A6528-37C1-4901-A82F-78E1F8D90621}.Debug|x86.Build.0 = Debug|Win32
		{0F0A6528-37C1-4901-A82F-78E1F8D90621}.Release|x64.ActiveCfg = Release|x64
		{0F0A6528-37C1-4901-A82F-78E1F8D90621}.Release|x64.Build.0 = Release|x64
		{0F0A6528-37C1-4901-A82F-78E1F8D90621}.Release|x86.ActiveCfg = Release|Win32
		{0F0A6528-37C1-4901-A82F-78E1F8D90621}.Release|x86.Build.0 = Release|Win32
		{38CEF009-9F28-472E-B6CE-F5A0BBA86CF1}.Debug|x64.ActiveCfg = Debug|x64
		{38CEF009-9F28-472E-B6CE-F5A0BBA86CF1}.Debug|x64.Build.0 = Debug|x64
		{38CEF009-9F28-472E-B6CE-F5A0BBA86CF1}.Debug|x86.ActiveCfg = Debug|Win32
		{38CEF009-9F28-472E-B6CE-F5A0BBA86CF1}.Debug|x86.Build.0 = Debug|Win32
		{38CEF009-9F28-472E-B6CE-F5A0BBA86CF1}.Release|x64.ActiveCfg = Release|x64
		{38CEF009-9F28-472E-B6CE-F5A0BBA86CF1}.Release|x64.Build.0 = Release|x64
		{38CEF009-9F28-472E-B6CE-F5A0BBA86CF1}.Release|x86.ActiveCfg = Release|Win32
		{38CEF009-9F28-472E-B6CE-F5A0BBA86CF1}.Release|x86.Build.0 = Release|Win32
		{23CEA80C-D8C4-44ED-BBF1-C6C940A00EA7}.Debug|x64.ActiveCfg = Debug|x64
		{23CEA80C-D8C4-44ED-BBF1-C6C940A00EA7}.Debug|x64.Build.0 = Debug|x64
		{23CEA80C-D8C4-44ED-BBF1-C6C940A00EA7}.Debug|x86.ActiveCfg = Debug|Win32
		{23CEA80C-D8C4-44ED-BBF1-C6C940A00EA7}.Debug|x86.Build.0 = Debug|Win32
		{23CEA80C-D8C4-44ED-BBF1-C6C940A00EA7}.Release|x64.ActiveCfg = Release|x64
		{23CEA80C-D8C4-44ED-BBF1-C6C940A00EA7}.Release|x64.Build.0 = Release|x64
		{23CEA80C-D8C4-44ED-BBF1-C6C940A00EA7}.Release|x86.ActiveCfg = Release|Win32
		{23CEA80C-D8C4-44ED-BBF1-C6C940A00EA7}.Release|x86.Build.0 = Release|Win32
		{FA5C5715-133D-485A-9A5E-9997AA367233}.Debug|x64.ActiveCfg = Debug|x64
		{FA5C5715-133D-485A-9A5E-9997AA367233}.Debug|x64.Build.0 = Debug|x64
		{FA5C5715-133D-485A-9A5E-9997AA367233}.Debug|x86.ActiveCfg = Debug|Win32
		{FA5C5715-133D-485A-9A5E-9997AA367233}.Debug|x86.Build.0 = Debug|Win32
		{FA5C5715-133D-485A-9A5E-9997AA367233}.Release|x64.ActiveCfg = Release|x64
		{FA5C5715-133D-485A-9A5E-9997AA367233}.Release|x64.Build.0 = Release|x64
		{FA5C5715-133D-485A-9A5E-9997AA367233}.Release|x86.ActiveCfg = Release|Win32
		{FA5C5715-133D-485A-9A5E-9997AA367233}.Release|x86.Build.0 = Release|Win32
		{BA42EA22-E0D5-4636-B686-D3B55964A56C}.Debug|x64.ActiveCfg = Debug|x64
		{BA42EA22-E0D5-4636-B686-D3B55964A56C}.Debug|x64.Build.0 = Debug|x64
		{BA42EA22-E0D5-4636-B686-D3B55964A56C}.Debug|x86.ActiveCfg = Debug|Win32
		{BA42EA22-E0D5-4636-B686-D3B55964A56C}.Debug|x86.Build.0 = Debug|Win32
		{BA42EA22-E0D5-4636-B686-D3B55964A56C}.Release|x64.ActiveCfg = Release|x64
		{BA42EA22-E0D5-4636-B686-D3B55964A56C}.Release|x64.Build.0 = Release|x64
		{BA42EA22-E0D5-4636-B686-D3B55964A56C}.Release|x86.ActiveCfg = Release|Win32
		{BA42EA22-E0D5-4636-B686-D3B55964A56C}.Release|x86.Build.0 = Release|Win32
		{E0B09913-2E11-43EE-8D6D-A227FA60AA00}.Debug|x64.ActiveCfg = Debug|x64
		{E0B09913-2E11-43EE-8D6D-A227FA60AA00}.Debug|x64.Build.0 = Debug|x64
		{E0B09913-2E11-43EE-8D6D-A227FA60AA00}.Debug|x86.ActiveCfg = Debug|Win32
		{E0B09913-2E11-43EE-8D6D-A227FA60AA00}.Debug|x86.Build.0 = Debug|Win32
		{E0B09913-2E11-43EE-8D6D-A227FA60AA00}.Release|x64.ActiveCfg = Release|x64
		{E0B09913-2E11-43EE-8D6D-A227FA60AA00}.Release|x64.Build.0 = Release|x64
		{E0B09913-2E11-43EE-8D6D-A227FA60AA00}.Release|x86.ActiveCfg = Release|Win32
		{E0B09913-2E11-43EE-8D6D-A227FA60AA00}.Release|x86.Build.0 = Release|Win32
		{34E0EF13-FEB0-44AA-814B-F0772FBBF01F}.Debug|x64.ActiveCfg = Debug|x64
		{34E0EF13-FEB0-44AA-814B-F0772FBBF01F}.Debug|x64.Build.0 = Debug|x64
		{34E0EF13-FEB0-44AA-814B-F0772FBBF01F}.Debug|x86.ActiveCfg = Debug|Win32
		{34E0EF13-FEB0-44AA-814B-F0772FBBF01F}.Debug|x86.Build.0 = Debug|Win32
		{34E0EF13-FEB0-44AA-814B-F0772FBBF01F}.Release|x64.ActiveCfg = Release|x64
		{34E0EF13-FEB0-44AA-814B-F0772FBBF01F}.Release|x64.Build.0 = Release|x64
		{34E0EF13-FEB0-44AA-814B-F0772FBBF01F}.Release|x86.ActiveCfg = Release|Win32
		{34E0EF13-FEB0-44AA-814B-F0772FBBF01F}.Release|x86.Build.0 = Release|Win32
		{FC382BD9-6A89-48A7-A650-80073CF3D527}.Debug|x64.ActiveCfg = Debug|x64
		{FC382BD9-6A89-48A7-A650-80073CF3D527}.Debug|x64.Build.0 = Debug|x64
		{FC382BD9-6A89-48A7-A650-80073CF3D527}.Debug|x86.ActiveCfg = Debug|Win32
		{FC382BD9-6A89-48A7-A650-80073CF3D527}.Debug|x86.Build.0 = Debug|Win32
		{FC382BD9-6A89-48A7-A650-80073CF3D527}.Release|x64.ActiveCfg = Release|x64
		{FC382BD9-6A89-48A7-A650-80073CF3D527}.Release|x64.Build.0 = Release|x64
		{FC382BD9-6A89-48A7-A650-80073CF3D527}.Release|x86.ActiveCfg = Release|Win32
		{FC382BD9-6A89-48A7-A650-80073CF3D527}.Release|x86.Build.0 = Release|Win32
		{9CECCC4D-B319-45DB-BB2A-1AFEFB1F4355}.Debug|x64.ActiveCfg = Debug|x64
		{9CECCC4D-B319-45DB-BB2A-1AFEFB1F4355}.Debug|x64.Build.0 = Debug|x64
		{9CECCC4D-B319-45DB-BB2A-1AFEFB1F4355}.Debug|x86.ActiveCfg = Debug|Win32
		{9CECCC4D-B319-45DB-BB2A-1AFEFB1F4355}.Debug|x86.Build.0 = Debug|Win32
		{9CECCC4D-B319-45DB-BB2A-1AFEFB1F4355}.Release|x64.ActiveCfg = Release|x64
		{9CECCC4D-B319-45DB-BB2A-1AFEFB1F4355}.Release|x64.Build.0 = Release|x64
		{9CECCC4D-B319-45DB-BB2A-1AFEFB1F4355}.Release|x86.ActiveCfg = Release|Win32
		{9CECCC4D-B319-45DB-BB2A-1AFEFB1F4355}.Release|x86.Build.0 = Release|Win32
		{076647AF-3CED-4A33-AD0E-9F806FA17706}.Debug|x64.ActiveCfg = Debug|x64
		{076647AF-3CED-4A33-AD0E-9F806FA17706}.Debug|x64.Build.0 = Debug|x64
		{076647AF-3CED-4A33-AD0E-9F806FA17706}.Debug|x86.ActiveCfg = Debug|Win32
		{076647AF-3CED-4A33-AD0E-9F806FA17706}.Debug|x86.Build.0 = Debug|Win32
		{076647AF-3CED-4A33-AD0E-9F806FA17706}.Release|x64.ActiveCfg = Release|x64
		{076647AF-3CED-4A33-AD0E-9F806FA17706}.Release|x64.Build.0 = Release|x64
		{076647AF-3CED-4A33-AD0E-9F806FA17706}.Release|x86.ActiveCfg = Release|Win32
		{076647AF-3CED-4A33-AD0E-9F806FA17706}.Release|x86.Build.0 = Release|Win32
		{95493F10-69F2-47F3-A6C7-CF9FA8E5A39E}.Debug|x64.ActiveCfg = Debug|x64
		{95493F10-69F2-47F3-A6C7-CF9FA8E5A39E}.Debug|x64.Build.0 = Debug|x64
		{95493F10-69F2-47F3-A6C7-CF9FA8E5A39E}.Debug|x86.ActiveCfg = Debug|Win32
		{95493F10-69F2-47F3-A6C7-CF9FA8E5A39E}.Debug|x86.Build.0 = Debug|Win32
		{95493F10-69F2-47F3-A6C7-CF9FA8E5A39E}.Release|x64.ActiveCfg = Release|x64
		{95493F10-69F2-47F3-A6C7-CF9FA8E5A39E}.Release|x64.Build.0 = Release|x64
		{95493F10-69F2-47F3-A6C7-CF9FA8E5A39E}.Release|x86.ActiveCfg = Release|Win32
		{95493F10-69F2-47F3-A6C7-CF9FA8E5A39E}.Release|x86.Build.0 = Release|Win32
		{E9743459-C3F8-4263-87E0-ED9E528BA40A}.Debug|x64.ActiveCfg = Debug|x64
		{E9743459-C3F8-4263-87E0-ED9E528BA40A}.Debug|x64.Build.0 = Debug|x64
		{E9743459-C3F8-4263-87E0-ED9E528BA40A}.Debug|x86.ActiveCfg = Debug|Win32
		{E9743459-C3F8-4263-87E0-ED9E528BA40A}.Debug|x86.Build.0 = Debug|Win32
		{E9743459-C3F8-4263-87E0-ED9E528BA40A}.Release|x64.ActiveCfg = Release|x64
		{E9743459-C3F8-4263-87E0-ED9E528BA40A}.Release|x64.Build.0 = Release|x64
		{E9743459-C3F8-4263-87E0-ED9E528BA40A}.Release|x86.ActiveCfg = Release|Win32
		{E9743459-C3F8-4263-87E0-ED9E528BA40A}.Release|x86.Build.0 = Release|Win32
		{7F07C52F-79AE-4498-9A02-C2CB63BA7525}.Debug|x64.ActiveCfg = Debug|x64
		{7F07C52F-79AE-4498-9A02-C2CB63BA7525}.Debug|x64.Build.0 = Debug|x64
		{7F07C52F-79AE-4498-9A02-C2CB63BA7525}.Debug|x86.ActiveCfg = Debug|Win32
		{7F07C52F-79AE-4498-9A02-C2CB63BA7525}.Debug|x86.Build.0 = Debug|Win32
		{7F07C52F-79AE-4498-9A02-C2CB63BA7525}.Release|x64.ActiveCfg = Release|x64
		{7F07C52F-79AE-4498-9A02-C2CB63BA7525}.Release|x64.Build.0 = Release|x64
		{7F07C52F-79AE-4498-9A02-C2CB63BA7525}.Release|x86.ActiveCfg = Release|Win32
		{7F07C52F-79AE-4498-9A02-C2CB63BA7525}.Release|x86.Build.0 = Release|Win32
		{E0CAE34A-2ADB-4821-A7B9-5637639CD659}.Debug|x64.ActiveCfg = Debug|x64
		{E0CAE34A-2ADB-4821-A7B9-5637639CD659}.Debug|x64.Build.0 = Debug|x64
		{E0CAE34A-2ADB-4821-A7B9-5637639CD659}.Debug|x86.ActiveCfg = Debug|Win32
		{E0CAE34A-2ADB-4821-A7B9-5637639CD659}.Debug|x86.Build.0 = Debug|Win32
		{E0CAE34A-2ADB-4821-A7B9-5637639CD659}.Release|x64.ActiveCfg = Release|x64
		{E0CAE34A-2ADB-4821-A7B9-5637639CD659}.Release|x64.Build.0 = Release|x64
		{E0CAE34A-2ADB-4821-A7B9-5637639CD659}.Release|x86.ActiveCfg = Release|Win32
		{E0CAE34A-2ADB-4821-A7B9-5637639CD659}.Release|x86.Build.0 = Release|Win32
		{69071524-7F5B-4BE6-9654-A58C59DC3781}.Debug|x64.ActiveCfg = Debug|x64
		{69071524-7F5B-4BE6-9654-A58C59DC3781}.Debug|x64.Build.0 = Debug|x64
		{69071524-7F5B-4BE6-9654-A58C59DC3781}.Debug|x86.ActiveCfg = Debug|Win32
		{69071524-7F5B-4BE6-9654-A58C59DC3781}.Debug|x86.Build.0 = Debug|Win32
		{69071524-7F5B-4BE6-9654-A58C59DC3781}.Release|x64.ActiveCfg = Release|x64
		{69071524-7F5B-4BE6-9654-A58C59DC3781}.Release|x64.Build.0 = Release|x64
		{69071524-7F5B-4BE6-9654-A58C59DC3781}.Release|x86.ActiveCfg = Release|Win32
		{69071524-7F5B-4BE6-9654-A58C59DC3781}.Release|x86.Build.0 = Release|Win32
		{3A9D3ECD-907F-400D-B802-B8C63C8C27E1}.Debug|x64.ActiveCfg = Debug|x64
		{3A9D3ECD-907F-400D-B802-B8C63C8C27E1}.Debug|x64.Build.0 = Debug|x64
		{3A9D3ECD-907F-400D-B802-B8C63C8C27E1}.Debug|x86.ActiveCfg = Debug|Win32
		{3A9D3ECD-907F-400D-B802-B8C63C8C27E1}.Debug|x86.Build.0 = Debug|Win32
		{3A9D3ECD-907F-400D-B802-B8C63C8C27E1}.Release|x64.ActiveCfg = Release|x64
		{3A9D3ECD-907F-400D-B802-B8C63C8C27E1}.Release|x64.Build.0 = Release|x64
		{3A9D3ECD-907F-400D-B802-B8C63C8C27E1}.Release|x86.ActiveCfg = Release|Win32
		{3A9D3ECD-907F-400D-B802-B8C63C8C27E1}.Release|x86.Build.0 = Release|Win32
	EndGlobalSection
	GlobalSection(SolutionProperties) = preSolution
		HideSolutionNode = FALSE
	EndGlobalSection
	GlobalSection(ExtensibilityGlobals) = postSolution
		SolutionGuid = {E53D1AF7-B60B-4985-AB12-B6D42D3B47F7}
	EndGlobalSection
EndGlobal
